
{
  "name": "vuejs-vtock-app",
  "version": "0.1.0",
  "lockfileVersion": 1,
  "requires": true,
  "dependencies": {
    "@babel/code-frame": {
      "version": "7.8.3",
      "resolved": "https://registry.npm.taobao.org/@babel/code-frame/download/@babel/code-frame-7.8.3.tgz",
      "integrity": "sha1-M+JZA9dIEYFTThLsCiXxa2/PQZ4=",
      "dev": true,
      "requires": {
        "@babel/highlight": "^7.8.3"
      }
    },
    "@babel/compat-data": {
      "version": "7.9.6",
      "resolved": "https://registry.npm.taobao.org/@babel/compat-data/download/@babel/compat-data-7.9.6.tgz?cache=0&sync_timestamp=1588186506845&other_urls=https%3A%2F%2Fregistry.npm.taobao.org%2F%40babel%2Fcompat-data%2Fdownload%2F%40babel%2Fcompat-data-7.9.6.tgz",
      "integrity": "sha1-P2BMQOQgExr/5vLIBS6aJ1riBJs=",
      "dev": true,
      "requires": {